{
  "name": "node-vscp",
  "version": "1.1.27",
  "lockfileVersion": 3,
  "requires": true,
  "packages": {
    "": {
      "name": "node-vscp",
      "version": "1.1.27",
      "license": "MIT",
      "dependencies": {
        "ini": ">=5.0.0"
      },
      "devDependencies": {},
      "engines": {
        "node": ">=10.4.0"
      }
    },
    "node_modules/ini": {
      "version": "5.0.0",
      "resolved": "https://registry.npmjs.org/ini/-/ini-5.0.0.tgz",
      "integrity": "sha512-+N0ngpO3e7cRUWOJAS7qw0IZIVc6XPrW4MlFBdD066F2L4k1L6ker3hLqSq7iXxU5tgS4WGkIUElWn5vogAEnw==",
      "license": "ISC",
      "engines": {
        "node": "^18.17.0 || >=20.5.0"
      }
    }
  }
}
